// !$*UTF8*$!
{
	archiveVersion = 1;
	classes = {
	};
	objectVersion = 56;
	objects = {

/* Begin PBXBuildFile section */
		B035D67E2AADB57D00C9FFDA /* Router.swift in Sources */ = {isa = PBXBuildFile; fileRef = B035D67D2AADB57D00C9FFDA /* Router.swift */; };
		B03ACAE02AAC781D00F86AFF /* NSCacheStoreDatasource.swift in Sources */ = {isa = PBXBuildFile; fileRef = B03ACADF2AAC781D00F86AFF /* NSCacheStoreDatasource.swift */; };
		B055E65E2AA79F4D00373B56 /* RickAndMortyAppApp.swift in Sources */ = {isa = PBXBuildFile; fileRef = B055E65D2AA79F4D00373B56 /* RickAndMortyAppApp.swift */; };
		B055E6602AA79F4D00373B56 /* ContentView.swift in Sources */ = {isa = PBXBuildFile; fileRef = B055E65F2AA79F4D00373B56 /* ContentView.swift */; };
		B055E6622AA79F4E00373B56 /* Assets.xcassets in Resources */ = {isa = PBXBuildFile; fileRef = B055E6612AA79F4E00373B56 /* Assets.xcassets */; };
		B055E6652AA79F4E00373B56 /* Preview Assets.xcassets in Resources */ = {isa = PBXBuildFile; fileRef = B055E6642AA79F4E00373B56 /* Preview Assets.xcassets */; };
		B055E66F2AA79F4E00373B56 /* RickAndMortyAppTests.swift in Sources */ = {isa = PBXBuildFile; fileRef = B055E66E2AA79F4E00373B56 /* RickAndMortyAppTests.swift */; };
		B055E6792AA79F4E00373B56 /* RickAndMortyAppUITests.swift in Sources */ = {isa = PBXBuildFile; fileRef = B055E6782AA79F4E00373B56 /* RickAndMortyAppUITests.swift */; };
		B055E67B2AA79F4E00373B56 /* RickAndMortyAppUITestsLaunchTests.swift in Sources */ = {isa = PBXBuildFile; fileRef = B055E67A2AA79F4E00373B56 /* RickAndMortyAppUITestsLaunchTests.swift */; };
		B055E68E2AA7A18F00373B56 /* Api+Service.swift in Sources */ = {isa = PBXBuildFile; fileRef = B055E68D2AA7A18F00373B56 /* Api+Service.swift */; };
		B055E6912AA7A1B100373B56 /* App+Error.swift in Sources */ = {isa = PBXBuildFile; fileRef = B055E6902AA7A1B100373B56 /* App+Error.swift */; };
		B055E6942AA7A1F900373B56 /* Character+Repository.swift in Sources */ = {isa = PBXBuildFile; fileRef = B055E6932AA7A1F900373B56 /* Character+Repository.swift */; };
		B055E6992AA7A25500373B56 /* CharacterRepositoryTest.swift in Sources */ = {isa = PBXBuildFile; fileRef = B055E6982AA7A25500373B56 /* CharacterRepositoryTest.swift */; };
		B055E69D2AA7A30C00373B56 /* MockApiService.swift in Sources */ = {isa = PBXBuildFile; fileRef = B055E69C2AA7A30C00373B56 /* MockApiService.swift */; };
		B055E6A12AA7A37200373B56 /* CharacterList+Mock.swift in Sources */ = {isa = PBXBuildFile; fileRef = B055E6A02AA7A37200373B56 /* CharacterList+Mock.swift */; };
		B055E6A42AA7A58C00373B56 /* BaseRemote+URL.swift in Sources */ = {isa = PBXBuildFile; fileRef = B055E6A32AA7A58C00373B56 /* BaseRemote+URL.swift */; };
		B055E6A82AA7A64000373B56 /* CharacterList+Response.swift in Sources */ = {isa = PBXBuildFile; fileRef = B055E6A72AA7A64000373B56 /* CharacterList+Response.swift */; };
		B06A7A852B20636F0000274C /* NSCacheStore.swift in Sources */ = {isa = PBXBuildFile; fileRef = B06A7A842B20636F0000274C /* NSCacheStore.swift */; };
		B0A802542AA8DA830087B99A /* Character+UseCase.swift in Sources */ = {isa = PBXBuildFile; fileRef = B0A802532AA8DA830087B99A /* Character+UseCase.swift */; };
		B0A802572AA8DA9C0087B99A /* CharacterUseCaseTest.swift in Sources */ = {isa = PBXBuildFile; fileRef = B0A802562AA8DA9C0087B99A /* CharacterUseCaseTest.swift */; };
		B0A8025A2AA8DC140087B99A /* CharacterListBusinessModel.swift in Sources */ = {isa = PBXBuildFile; fileRef = B0A802592AA8DC140087B99A /* CharacterListBusinessModel.swift */; };
		B0A8025F2AA8E2DA0087B99A /* Home+View.swift in Sources */ = {isa = PBXBuildFile; fileRef = B0A8025E2AA8E2DA0087B99A /* Home+View.swift */; };
		B0A802612AA8E2E50087B99A /* Home+ViewModel.swift in Sources */ = {isa = PBXBuildFile; fileRef = B0A802602AA8E2E50087B99A /* Home+ViewModel.swift */; };
		B0A802662AA8E30B0087B99A /* CharacterDetail+View.swift in Sources */ = {isa = PBXBuildFile; fileRef = B0A802652AA8E30B0087B99A /* CharacterDetail+View.swift */; };
		B0C98C962AACD9130095F9BF /* AsyncImage+View.swift in Sources */ = {isa = PBXBuildFile; fileRef = B0C98C952AACD9130095F9BF /* AsyncImage+View.swift */; };
		B0C98C9B2AACDDE60095F9BF /* HomeViewModel+Test.swift in Sources */ = {isa = PBXBuildFile; fileRef = B0C98C9A2AACDDE60095F9BF /* HomeViewModel+Test.swift */; };
		B0C98C9F2AACDE110095F9BF /* SearchViewModel+Test.swift in Sources */ = {isa = PBXBuildFile; fileRef = B0C98C9E2AACDE110095F9BF /* SearchViewModel+Test.swift */; };
		B0DA3BDA2AAA2ECC00CD048D /* SectionRow+View.swift in Sources */ = {isa = PBXBuildFile; fileRef = B0DA3BD92AAA2ECC00CD048D /* SectionRow+View.swift */; };
		B0DA3BDC2AAA2F3700CD048D /* Circular+View.swift in Sources */ = {isa = PBXBuildFile; fileRef = B0DA3BDB2AAA2F3700CD048D /* Circular+View.swift */; };
		B0DA3BDF2AAA2F7A00CD048D /* BackgroundStyle+Modifier.swift in Sources */ = {isa = PBXBuildFile; fileRef = B0DA3BDE2AAA2F7A00CD048D /* BackgroundStyle+Modifier.swift */; };
		B0DA3BE22AAA2FB500CD048D /* NavigationBar+View.swift in Sources */ = {isa = PBXBuildFile; fileRef = B0DA3BE12AAA2FB500CD048D /* NavigationBar+View.swift */; };
		B0DA3BE42AAA30F400CD048D /* AnimatableFont+Modifier.swift in Sources */ = {isa = PBXBuildFile; fileRef = B0DA3BE32AAA30F400CD048D /* AnimatableFont+Modifier.swift */; };
		B0DA3BE72AAA311400CD048D /* ScrollPreferenceKey.swift in Sources */ = {isa = PBXBuildFile; fileRef = B0DA3BE62AAA311400CD048D /* ScrollPreferenceKey.swift */; };
		B0DA3BE92AAA319200CD048D /* BackgroundColor+Modifier.swift in Sources */ = {isa = PBXBuildFile; fileRef = B0DA3BE82AAA319200CD048D /* BackgroundColor+Modifier.swift */; };
		B0F3CAB22AAC4D6C00DA8B69 /* HomeView+Components.swift in Sources */ = {isa = PBXBuildFile; fileRef = B0F3CAB12AAC4D6C00DA8B69 /* HomeView+Components.swift */; };
		B0F3CAB72AAC4EBA00DA8B69 /* Search+View.swift in Sources */ = {isa = PBXBuildFile; fileRef = B0F3CAB62AAC4EBA00DA8B69 /* Search+View.swift */; };
		B0F3CABA2AAC4EEC00DA8B69 /* Search+Model.swift in Sources */ = {isa = PBXBuildFile; fileRef = B0F3CAB92AAC4EEC00DA8B69 /* Search+Model.swift */; };
		B0F3CABC2AAC4F2F00DA8B69 /* ListRow+View.swift in Sources */ = {isa = PBXBuildFile; fileRef = B0F3CABB2AAC4F2F00DA8B69 /* ListRow+View.swift */; };
		B0F3CABF2AAC51E900DA8B69 /* Search+ViewModel.swift in Sources */ = {isa = PBXBuildFile; fileRef = B0F3CABE2AAC51E900DA8B69 /* Search+ViewModel.swift */; };
		B0F3CAC22AAC640F00DA8B69 /* SearchResults+Modifier.swift in Sources */ = {isa = PBXBuildFile; fileRef = B0F3CAC12AAC640F00DA8B69 /* SearchResults+Modifier.swift */; };
		B0F3CAC52AAC717700DA8B69 /* SearchView+Components.swift in Sources */ = {isa = PBXBuildFile; fileRef = B0F3CAC42AAC717700DA8B69 /* SearchView+Components.swift */; };
/* End PBXBuildFile section */

/* Begin PBXContainerItemProxy section */
		B055E66B2AA79F4E00373B56 /* PBXContainerItemProxy */ = {
			isa = PBXContainerItemProxy;
			containerPortal = B055E6522AA79F4D00373B56 /* Project object */;
			proxyType = 1;
			remoteGlobalIDString = B055E6592AA79F4D00373B56;
			remoteInfo = RickAndMortyApp;
		};
		B055E6752AA79F4E00373B56 /* PBXContainerItemProxy */ = {
			isa = PBXContainerItemProxy;
			containerPortal = B055E6522AA79F4D00373B56 /* Project object */;
			proxyType = 1;
			remoteGlobalIDString = B055E6592AA79F4D00373B56;
			remoteInfo = RickAndMortyApp;
		};
/* End PBXContainerItemProxy section */

/* Begin PBXFileReference section */
		B035D67D2AADB57D00C9FFDA /* Router.swift */ = {isa = PBXFileReference; lastKnownFileType = sourcecode.swift; path = Router.swift; sourceTree = "<group>"; };
		B03ACADF2AAC781D00F86AFF /* NSCacheStoreDatasource.swift */ = {isa = PBXFileReference; lastKnownFileType = sourcecode.swift; path = NSCacheStoreDatasource.swift; sourceTree = "<group>"; };
		B055E65A2AA79F4D00373B56 /* RickAndMortyApp.app */ = {isa = PBXFileReference; explicitFileType = wrapper.application; includeInIndex = 0; path = RickAndMortyApp.app; sourceTree = BUILT_PRODUCTS_DIR; };
		B055E65D2AA79F4D00373B56 /* RickAndMortyAppApp.swift */ = {isa = PBXFileReference; lastKnownFileType = sourcecode.swift; path = RickAndMortyAppApp.swift; sourceTree = "<group>"; };
		B055E65F2AA79F4D00373B56 /* ContentView.swift */ = {isa = PBXFileReference; lastKnownFileType = sourcecode.swift; path = ContentView.swift; sourceTree = "<group>"; };
		B055E6612AA79F4E00373B56 /* Assets.xcassets */ = {isa = PBXFileReference; lastKnownFileType = folder.assetcatalog; path = Assets.xcassets; sourceTree = "<group>"; };
		B055E6642AA79F4E00373B56 /* Preview Assets.xcassets */ = {isa = PBXFileReference; lastKnownFileType = folder.assetcatalog; path = "Preview Assets.xcassets"; sourceTree = "<group>"; };
		B055E66A2AA79F4E00373B56 /* RickAndMortyAppTests.xctest */ = {isa = PBXFileReference; explicitFileType = wrapper.cfbundle; includeInIndex = 0; path = RickAndMortyAppTests.xctest; sourceTree = BUILT_PRODUCTS_DIR; };
		B055E66E2AA79F4E00373B56 /* RickAndMortyAppTests.swift */ = {isa = PBXFileReference; lastKnownFileType = sourcecode.swift; path = RickAndMortyAppTests.swift; sourceTree = "<group>"; };
		B055E6742AA79F4E00373B56 /* RickAndMortyAppUITests.xctest */ = {isa = PBXFileReference; explicitFileType = wrapper.cfbundle; includeInIndex = 0; path = RickAndMortyAppUITests.xctest; sourceTree = BUILT_PRODUCTS_DIR; };
		B055E6782AA79F4E00373B56 /* RickAndMortyAppUITests.swift */ = {isa = PBXFileReference; lastKnownFileType = sourcecode.swift; path = RickAndMortyAppUITests.swift; sourceTree = "<group>"; };
		B055E67A2AA79F4E00373B56 /* RickAndMortyAppUITestsLaunchTests.swift */ = {isa = PBXFileReference; lastKnownFileType = sourcecode.swift; path = RickAndMortyAppUITestsLaunchTests.swift; sourceTree = "<group>"; };
		B055E68D2AA7A18F00373B56 /* Api+Service.swift */ = {isa = PBXFileReference; lastKnownFileType = sourcecode.swift; path = "Api+Service.swift"; sourceTree = "<group>"; };
		B055E6902AA7A1B100373B56 /* App+Error.swift */ = {isa = PBXFileReference; lastKnownFileType = sourcecode.swift; path = "App+Error.swift"; sourceTree = "<group>"; };
		B055E6932AA7A1F900373B56 /* Character+Repository.swift */ = {isa = PBXFileReference; lastKnownFileType = sourcecode.swift; path = "Character+Repository.swift"; sourceTree = "<group>"; };
		B055E6982AA7A25500373B56 /* CharacterRepositoryTest.swift */ = {isa = PBXFileReference; lastKnownFileType = sourcecode.swift; path = CharacterRepositoryTest.swift; sourceTree = "<group>"; };
		B055E69C2AA7A30C00373B56 /* MockApiService.swift */ = {isa = PBXFileReference; lastKnownFileType = sourcecode.swift; path = MockApiService.swift; sourceTree = "<group>"; };
		B055E6A02AA7A37200373B56 /* CharacterList+Mock.swift */ = {isa = PBXFileReference; lastKnownFileType = sourcecode.swift; path = "CharacterList+Mock.swift"; sourceTree = "<group>"; };
		B055E6A32AA7A58C00373B56 /* BaseRemote+URL.swift */ = {isa = PBXFileReference; lastKnownFileType = sourcecode.swift; path = "BaseRemote+URL.swift"; sourceTree = "<group>"; };
		B055E6A72AA7A64000373B56 /* CharacterList+Response.swift */ = {isa = PBXFileReference; lastKnownFileType = sourcecode.swift; path = "CharacterList+Response.swift"; sourceTree = "<group>"; };
		B06A7A842B20636F0000274C /* NSCacheStore.swift */ = {isa = PBXFileReference; lastKnownFileType = sourcecode.swift; path = NSCacheStore.swift; sourceTree = "<group>"; };
		B0A802532AA8DA830087B99A /* Character+UseCase.swift */ = {isa = PBXFileReference; lastKnownFileType = sourcecode.swift; path = "Character+UseCase.swift"; sourceTree = "<group>"; };
		B0A802562AA8DA9C0087B99A /* CharacterUseCaseTest.swift */ = {isa = PBXFileReference; lastKnownFileType = sourcecode.swift; path = CharacterUseCaseTest.swift; sourceTree = "<group>"; };
		B0A802592AA8DC140087B99A /* CharacterListBusinessModel.swift */ = {isa = PBXFileReference; lastKnownFileType = sourcecode.swift; path = CharacterListBusinessModel.swift; sourceTree = "<group>"; };
		B0A8025E2AA8E2DA0087B99A /* Home+View.swift */ = {isa = PBXFileReference; lastKnownFileType = sourcecode.swift; path = "Home+View.swift"; sourceTree = "<group>"; };
		B0A802602AA8E2E50087B99A /* Home+ViewModel.swift */ = {isa = PBXFileReference; lastKnownFileType = sourcecode.swift; path = "Home+ViewModel.swift"; sourceTree = "<group>"; };
		B0A802652AA8E30B0087B99A /* CharacterDetail+View.swift */ = {isa = PBXFileReference; lastKnownFileType = sourcecode.swift; path = "CharacterDetail+View.swift"; sourceTree = "<group>"; };
		B0C98C952AACD9130095F9BF /* AsyncImage+View.swift */ = {isa = PBXFileReference; lastKnownFileType = sourcecode.swift; path = "AsyncImage+View.swift"; sourceTree = "<group>"; };
		B0C98C9A2AACDDE60095F9BF /* HomeViewModel+Test.swift */ = {isa = PBXFileReference; lastKnownFileType = sourcecode.swift; path = "HomeViewModel+Test.swift"; sourceTree = "<group>"; };
		B0C98C9E2AACDE110095F9BF /* SearchViewModel+Test.swift */ = {isa = PBXFileReference; lastKnownFileType = sourcecode.swift; path = "SearchViewModel+Test.swift"; sourceTree = "<group>"; };
		B0DA3BD92AAA2ECC00CD048D /* SectionRow+View.swift */ = {isa = PBXFileReference; lastKnownFileType = sourcecode.swift; path = "SectionRow+View.swift"; sourceTree = "<group>"; };
		B0DA3BDB2AAA2F3700CD048D /* Circular+View.swift */ = {isa = PBXFileReference; lastKnownFileType = sourcecode.swift; path = "Circular+View.swift"; sourceTree = "<group>"; };
		B0DA3BDE2AAA2F7A00CD048D /* BackgroundStyle+Modifier.swift */ = {isa = PBXFileReference; lastKnownFileType = sourcecode.swift; path = "BackgroundStyle+Modifier.swift"; sourceTree = "<group>"; };
		B0DA3BE12AAA2FB500CD048D /* NavigationBar+View.swift */ = {isa = PBXFileReference; lastKnownFileType = sourcecode.swift; path = "NavigationBar+View.swift"; sourceTree = "<group>"; };
		B0DA3BE32AAA30F400CD048D /* AnimatableFont+Modifier.swift */ = {isa = PBXFileReference; lastKnownFileType = sourcecode.swift; path = "AnimatableFont+Modifier.swift"; sourceTree = "<group>"; };
		B0DA3BE62AAA311400CD048D /* ScrollPreferenceKey.swift */ = {isa = PBXFileReference; lastKnownFileType = sourcecode.swift; path = ScrollPreferenceKey.swift; sourceTree = "<group>"; };
		B0DA3BE82AAA319200CD048D /* BackgroundColor+Modifier.swift */ = {isa = PBXFileReference; lastKnownFileType = sourcecode.swift; path = "BackgroundColor+Modifier.swift"; sourceTree = "<group>"; };
		B0F3CAB12AAC4D6C00DA8B69 /* HomeView+Components.swift */ = {isa = PBXFileReference; lastKnownFileType = sourcecode.swift; path = "HomeView+Components.swift"; sourceTree = "<group>"; };
		B0F3CAB62AAC4EBA00DA8B69 /* Search+View.swift */ = {isa = PBXFileReference; lastKnownFileType = sourcecode.swift; path = "Search+View.swift"; sourceTree = "<group>"; };
		B0F3CAB92AAC4EEC00DA8B69 /* Search+Model.swift */ = {isa = PBXFileReference; lastKnownFileType = sourcecode.swift; path = "Search+Model.swift"; sourceTree = "<group>"; };
		B0F3CABB2AAC4F2F00DA8B69 /* ListRow+View.swift */ = {isa = PBXFileReference; lastKnownFileType = sourcecode.swift; path = "ListRow+View.swift"; sourceTree = "<group>"; };
		B0F3CABE2AAC51E900DA8B69 /* Search+ViewModel.swift */ = {isa = PBXFileReference; lastKnownFileType = sourcecode.swift; path = "Search+ViewModel.swift"; sourceTree = "<group>"; };
		B0F3CAC12AAC640F00DA8B69 /* SearchResults+Modifier.swift */ = {isa = PBXFileReference; lastKnownFileType = sourcecode.swift; path = "SearchResults+Modifier.swift"; sourceTree = "<group>"; };
		B0F3CAC42AAC717700DA8B69 /* SearchView+Components.swift */ = {isa = PBXFileReference; lastKnownFileType = sourcecode.swift; path = "SearchView+Components.swift"; sourceTree = "<group>"; };
/* End PBXFileReference section */

/* Begin PBXFrameworksBuildPhase section */
		B055E6572AA79F4D00373B56 /* Frameworks */ = {
			isa = PBXFrameworksBuildPhase;
			buildActionMask = 2147483647;
			files = (
			);
			runOnlyForDeploymentPostprocessing = 0;
		};
		B055E6672AA79F4E00373B56 /* Frameworks */ = {
			isa = PBXFrameworksBuildPhase;
			buildActionMask = 2147483647;
			files = (
			);
			runOnlyForDeploymentPostprocessing = 0;
		};
		B055E6712AA79F4E00373B56 /* Frameworks */ = {
			isa = PBXFrameworksBuildPhase;
			buildActionMask = 2147483647;
			files = (
			);
			runOnlyForDeploymentPostprocessing = 0;
		};
/* End PBXFrameworksBuildPhase section */

/* Begin PBXGroup section */
		B035D67C2AADB57200C9FFDA /* Router */ = {
			isa = PBXGroup;
			children = (
				B035D67D2AADB57D00C9FFDA /* Router.swift */,
			);
			path = Router;
			sourceTree = "<group>";
		};
		B03ACADD2AAC780900F86AFF /* Cache */ = {
			isa = PBXGroup;
			children = (
				B03ACADE2AAC781000F86AFF /* NSCacheStore */,
			);
			path = Cache;
			sourceTree = "<group>";
		};
		B03ACADE2AAC781000F86AFF /* NSCacheStore */ = {
			isa = PBXGroup;
			children = (
				B03ACADF2AAC781D00F86AFF /* NSCacheStoreDatasource.swift */,
				B06A7A842B20636F0000274C /* NSCacheStore.swift */,
			);
			path = NSCacheStore;
			sourceTree = "<group>";
		};
		B055E6512AA79F4D00373B56 = {
			isa = PBXGroup;
			children = (
				B055E65C2AA79F4D00373B56 /* RickAndMortyApp */,
				B055E66D2AA79F4E00373B56 /* RickAndMortyAppTests */,
				B055E6772AA79F4E00373B56 /* RickAndMortyAppUITests */,
				B055E65B2AA79F4D00373B56 /* Products */,
			);
			sourceTree = "<group>";
		};
		B055E65B2AA79F4D00373B56 /* Products */ = {
			isa = PBXGroup;
			children = (
				B055E65A2AA79F4D00373B56 /* RickAndMortyApp.app */,
				B055E66A2AA79F4E00373B56 /* RickAndMortyAppTests.xctest */,
				B055E6742AA79F4E00373B56 /* RickAndMortyAppUITests.xctest */,
			);
			name = Products;
			sourceTree = "<group>";
		};
		B055E65C2AA79F4D00373B56 /* RickAndMortyApp */ = {
			isa = PBXGroup;
			children = (
				B055E68B2AA7A17D00373B56 /* Base */,
				B055E6872AA7A0CE00373B56 /* Features */,
				B055E65D2AA79F4D00373B56 /* RickAndMortyAppApp.swift */,
				B055E65F2AA79F4D00373B56 /* ContentView.swift */,
				B055E6612AA79F4E00373B56 /* Assets.xcassets */,
				B055E6632AA79F4E00373B56 /* Preview Content */,
			);
			path = RickAndMortyApp;
			sourceTree = "<group>";
		};
		B055E6632AA79F4E00373B56 /* Preview Content */ = {
			isa = PBXGroup;
			children = (
				B055E6642AA79F4E00373B56 /* Preview Assets.xcassets */,
			);
			path = "Preview Content";
			sourceTree = "<group>";
		};
		B055E66D2AA79F4E00373B56 /* RickAndMortyAppTests */ = {
			isa = PBXGroup;
			children = (
				B055E69E2AA7A34D00373B56 /* Fakes */,
				B055E6952AA7A23B00373B56 /* Features */,
				B055E66E2AA79F4E00373B56 /* RickAndMortyAppTests.swift */,
			);
			path = RickAndMortyAppTests;
			sourceTree = "<group>";
		};
		B055E6772AA79F4E00373B56 /* RickAndMortyAppUITests */ = {
			isa = PBXGroup;
			children = (
				B055E6782AA79F4E00373B56 /* RickAndMortyAppUITests.swift */,
				B055E67A2AA79F4E00373B56 /* RickAndMortyAppUITestsLaunchTests.swift */,
			);
			path = RickAndMortyAppUITests;
			sourceTree = "<group>";
		};
		B055E6872AA7A0CE00373B56 /* Features */ = {
			isa = PBXGroup;
			children = (
				B055E68A2AA7A0E100373B56 /* Data */,
				B055E6892AA7A0DC00373B56 /* Domain */,
				B055E6882AA7A0D400373B56 /* Presentation */,
			);
			path = Features;
			sourceTree = "<group>";
		};
		B055E6882AA7A0D400373B56 /* Presentation */ = {
			isa = PBXGroup;
			children = (
				B035D67C2AADB57200C9FFDA /* Router */,
				B0F3CAB32AAC4E8F00DA8B69 /* Views */,
				B0DA3BE52AAA310700CD048D /* PreferenceKey */,
				B0DA3BDD2AAA2F6900CD048D /* Modifiers */,
				B0A802692AA8E6EC0087B99A /* Components */,
			);
			path = Presentation;
			sourceTree = "<group>";
		};
		B055E6892AA7A0DC00373B56 /* Domain */ = {
			isa = PBXGroup;
			children = (
				B0A802522AA8DA6E0087B99A /* CharacterUseCase */,
			);
			path = Domain;
			sourceTree = "<group>";
		};
		B055E68A2AA7A0E100373B56 /* Data */ = {
			isa = PBXGroup;
			children = (
				B055E6A52AA7A61B00373B56 /* Repositories */,
			);
			path = Data;
			sourceTree = "<group>";
		};
		B055E68B2AA7A17D00373B56 /* Base */ = {
			isa = PBXGroup;
			children = (
				B03ACADD2AAC780900F86AFF /* Cache */,
				B055E6A22AA7A57A00373B56 /* RemoteURL */,
				B055E68F2AA7A1A600373B56 /* Error */,
				B055E68C2AA7A18300373B56 /* ApiService */,
			);
			path = Base;
			sourceTree = "<group>";
		};
		B055E68C2AA7A18300373B56 /* ApiService */ = {
			isa = PBXGroup;
			children = (
				B055E68D2AA7A18F00373B56 /* Api+Service.swift */,
			);
			path = ApiService;
			sourceTree = "<group>";
		};
		B055E68F2AA7A1A600373B56 /* Error */ = {
			isa = PBXGroup;
			children = (
				B055E6902AA7A1B100373B56 /* App+Error.swift */,
			);
			path = Error;
			sourceTree = "<group>";
		};
		B055E6922AA7A1E500373B56 /* Character */ = {
			isa = PBXGroup;
			children = (
				B055E6A62AA7A62E00373B56 /* Responses */,
				B055E6932AA7A1F900373B56 /* Character+Repository.swift */,
			);
			path = Character;
			sourceTree = "<group>";
		};
		B055E6952AA7A23B00373B56 /* Features */ = {
			isa = PBXGroup;
			children = (
				B0C98C972AACDDB80095F9BF /* Presentation */,
				B0A802552AA8DA920087B99A /* Domain */,
				B055E6962AA7A24100373B56 /* Data */,
			);
			path = Features;
			sourceTree = "<group>";
		};
		B055E6962AA7A24100373B56 /* Data */ = {
			isa = PBXGroup;
			children = (
				B055E6972AA7A24C00373B56 /* CharacterRepository */,
			);
			path = Data;
			sourceTree = "<group>";
		};
		B055E6972AA7A24C00373B56 /* CharacterRepository */ = {
			isa = PBXGroup;
			children = (
				B055E6982AA7A25500373B56 /* CharacterRepositoryTest.swift */,
			);
			path = CharacterRepository;
			sourceTree = "<group>";
		};
		B055E69A2AA7A2F200373B56 /* Base */ = {
			isa = PBXGroup;
			children = (
				B055E69B2AA7A2FD00373B56 /* MockApiService */,
			);
			path = Base;
			sourceTree = "<group>";
		};
		B055E69B2AA7A2FD00373B56 /* MockApiService */ = {
			isa = PBXGroup;
			children = (
				B055E69C2AA7A30C00373B56 /* MockApiService.swift */,
			);
			path = MockApiService;
			sourceTree = "<group>";
		};
		B055E69E2AA7A34D00373B56 /* Fakes */ = {
			isa = PBXGroup;
			children = (
				B055E69F2AA7A35300373B56 /* RawData */,
				B055E69A2AA7A2F200373B56 /* Base */,
			);
			path = Fakes;
			sourceTree = "<group>";
		};
		B055E69F2AA7A35300373B56 /* RawData */ = {
			isa = PBXGroup;
			children = (
				B055E6A02AA7A37200373B56 /* CharacterList+Mock.swift */,
			);
			path = RawData;
			sourceTree = "<group>";
		};
		B055E6A22AA7A57A00373B56 /* RemoteURL */ = {
			isa = PBXGroup;
			children = (
				B055E6A32AA7A58C00373B56 /* BaseRemote+URL.swift */,
			);
			path = RemoteURL;
			sourceTree = "<group>";
		};
		B055E6A52AA7A61B00373B56 /* Repositories */ = {
			isa = PBXGroup;
			children = (
				B055E6922AA7A1E500373B56 /* Character */,
			);
			path = Repositories;
			sourceTree = "<group>";
		};
		B055E6A62AA7A62E00373B56 /* Responses */ = {
			isa = PBXGroup;
			children = (
				B055E6A72AA7A64000373B56 /* CharacterList+Response.swift */,
			);
			path = Responses;
			sourceTree = "<group>";
		};
		B0A802522AA8DA6E0087B99A /* CharacterUseCase */ = {
			isa = PBXGroup;
			children = (
				B0A802582AA8DC000087B99A /* BusinessModel */,
				B0A802532AA8DA830087B99A /* Character+UseCase.swift */,
			);
			path = CharacterUseCase;
			sourceTree = "<group>";
		};
		B0A802552AA8DA920087B99A /* Domain */ = {
			isa = PBXGroup;
			children = (
				B0A802562AA8DA9C0087B99A /* CharacterUseCaseTest.swift */,
			);
			path = Domain;
			sourceTree = "<group>";
		};
		B0A802582AA8DC000087B99A /* BusinessModel */ = {
			isa = PBXGroup;
			children = (
				B0A802592AA8DC140087B99A /* CharacterListBusinessModel.swift */,
			);
			path = BusinessModel;
			sourceTree = "<group>";
		};
		B0A8025B2AA8E2BD0087B99A /* Home */ = {
			isa = PBXGroup;
			children = (
				B0A8025D2AA8E2CC0087B99A /* ViewModel */,
				B0A8025C2AA8E2C70087B99A /* View */,
			);
			path = Home;
			sourceTree = "<group>";
		};
		B0A8025C2AA8E2C70087B99A /* View */ = {
			isa = PBXGroup;
			children = (
				B0DA3BD82AAA2E6F00CD048D /* Components */,
				B0A8025E2AA8E2DA0087B99A /* Home+View.swift */,
			);
			path = View;
			sourceTree = "<group>";
		};
		B0A8025D2AA8E2CC0087B99A /* ViewModel */ = {
			isa = PBXGroup;
			children = (
				B0A802602AA8E2E50087B99A /* Home+ViewModel.swift */,
			);
			path = ViewModel;
			sourceTree = "<group>";
		};
		B0A802622AA8E2EA0087B99A /* CharacterDetail */ = {
			isa = PBXGroup;
			children = (
				B0A802632AA8E2F60087B99A /* View */,
			);
			path = CharacterDetail;
			sourceTree = "<group>";
		};
		B0A802632AA8E2F60087B99A /* View */ = {
			isa = PBXGroup;
			children = (
				B0A802652AA8E30B0087B99A /* CharacterDetail+View.swift */,
			);
			path = View;
			sourceTree = "<group>";
		};
		B0A802692AA8E6EC0087B99A /* Components */ = {
			isa = PBXGroup;
			children = (
				B0DA3BEA2AAA328500CD048D /* SectionRowView */,
				B0DA3BE02AAA2FA700CD048D /* NavigationBarView */,
				B0F3CABB2AAC4F2F00DA8B69 /* ListRow+View.swift */,
				B0C98C952AACD9130095F9BF /* AsyncImage+View.swift */,
			);
			path = Components;
			sourceTree = "<group>";
		};
		B0C98C972AACDDB80095F9BF /* Presentation */ = {
			isa = PBXGroup;
			children = (
				B0C98C9C2AACDDF80095F9BF /* Search */,
				B0C98C982AACDDD00095F9BF /* Home */,
			);
			path = Presentation;
			sourceTree = "<group>";
		};
		B0C98C982AACDDD00095F9BF /* Home */ = {
			isa = PBXGroup;
			children = (
				B0C98C992AACDDD60095F9BF /* ViewModel */,
			);
			path = Home;
			sourceTree = "<group>";
		};
		B0C98C992AACDDD60095F9BF /* ViewModel */ = {
			isa = PBXGroup;
			children = (
				B0C98C9A2AACDDE60095F9BF /* HomeViewModel+Test.swift */,
			);
			path = ViewModel;
			sourceTree = "<group>";
		};
		B0C98C9C2AACDDF80095F9BF /* Search */ = {
			isa = PBXGroup;
			children = (
				B0C98C9D2AACDDFE0095F9BF /* ViewModel */,
			);
			path = Search;
			sourceTree = "<group>";
		};
		B0C98C9D2AACDDFE0095F9BF /* ViewModel */ = {
			isa = PBXGroup;
			children = (
				B0C98C9E2AACDE110095F9BF /* SearchViewModel+Test.swift */,
			);
			path = ViewModel;
			sourceTree = "<group>";
		};
		B0DA3BD82AAA2E6F00CD048D /* Components */ = {
			isa = PBXGroup;
			children = (
				B0F3CAB12AAC4D6C00DA8B69 /* HomeView+Components.swift */,
			);
			path = Components;
			sourceTree = "<group>";
		};
		B0DA3BDD2AAA2F6900CD048D /* Modifiers */ = {
			isa = PBXGroup;
			children = (
				B0DA3BDE2AAA2F7A00CD048D /* BackgroundStyle+Modifier.swift */,
				B0DA3BE32AAA30F400CD048D /* AnimatableFont+Modifier.swift */,
				B0DA3BE82AAA319200CD048D /* BackgroundColor+Modifier.swift */,
			);
			path = Modifiers;
			sourceTree = "<group>";
		};
		B0DA3BE02AAA2FA700CD048D /* NavigationBarView */ = {
			isa = PBXGroup;
			children = (
				B0DA3BE12AAA2FB500CD048D /* NavigationBar+View.swift */,
			);
			path = NavigationBarView;
			sourceTree = "<group>";
		};
		B0DA3BE52AAA310700CD048D /* PreferenceKey */ = {
			isa = PBXGroup;
			children = (
				B0DA3BE62AAA311400CD048D /* ScrollPreferenceKey.swift */,
			);
			path = PreferenceKey;
			sourceTree = "<group>";
		};
		B0DA3BEA2AAA328500CD048D /* SectionRowView */ = {
			isa = PBXGroup;
			children = (
				B0DA3BDB2AAA2F3700CD048D /* Circular+View.swift */,
				B0DA3BD92AAA2ECC00CD048D /* SectionRow+View.swift */,
			);
			path = SectionRowView;
			sourceTree = "<group>";
		};
		B0F3CAB32AAC4E8F00DA8B69 /* Views */ = {
			isa = PBXGroup;
			children = (
				B0F3CAB42AAC4EA200DA8B69 /* Search */,
				B0A802622AA8E2EA0087B99A /* CharacterDetail */,
				B0A8025B2AA8E2BD0087B99A /* Home */,
			);
			path = Views;
			sourceTree = "<group>";
		};
		B0F3CAB42AAC4EA200DA8B69 /* Search */ = {
			isa = PBXGroup;
			children = (
				B0F3CABD2AAC51DA00DA8B69 /* ViewModel */,
				B0F3CAB82AAC4ED600DA8B69 /* Model */,
				B0F3CAB52AAC4EA800DA8B69 /* View */,
			);
			path = Search;
			sourceTree = "<group>";
		};
		B0F3CAB52AAC4EA800DA8B69 /* View */ = {
			isa = PBXGroup;
			children = (
				B0F3CAC32AAC716500DA8B69 /* Components */,
				B0F3CAC02AAC63F500DA8B69 /* Modifiers */,
				B0F3CAB62AAC4EBA00DA8B69 /* Search+View.swift */,
			);
			path = View;
			sourceTree = "<group>";
		};
		B0F3CAB82AAC4ED600DA8B69 /* Model */ = {
			isa = PBXGroup;
			children = (
				B0F3CAB92AAC4EEC00DA8B69 /* Search+Model.swift */,
			);
			path = Model;
			sourceTree = "<group>";
		};
		B0F3CABD2AAC51DA00DA8B69 /* ViewModel */ = {
			isa = PBXGroup;
			children = (
				B0F3CABE2AAC51E900DA8B69 /* Search+ViewModel.swift */,
			);
			path = ViewModel;
			sourceTree = "<group>";
		};
		B0F3CAC02AAC63F500DA8B69 /* Modifiers */ = {
			isa = PBXGroup;
			children = (
				B0F3CAC12AAC640F00DA8B69 /* SearchResults+Modifier.swift */,
			);
			path = Modifiers;
			sourceTree = "<group>";
		};
		B0F3CAC32AAC716500DA8B69 /* Components */ = {
			isa = PBXGroup;
			children = (
				B0F3CAC42AAC717700DA8B69 /* SearchView+Components.swift */,
			);
			path = Components;
			sourceTree = "<group>";
		};
/* End PBXGroup section */

/* Begin PBXNativeTarget section */
		B055E6592AA79F4D00373B56 /* RickAndMortyApp */ = {
			isa = PBXNativeTarget;
			buildConfigurationList = B055E67E2AA79F4E00373B56 /* Build configuration list for PBXNativeTarget "RickAndMortyApp" */;
			buildPhases = (
				B055E6562AA79F4D00373B56 /* Sources */,
				B055E6572AA79F4D00373B56 /* Frameworks */,
				B055E6582AA79F4D00373B56 /* Resources */,
			);
			buildRules = (
			);
			dependencies = (
			);
			name = RickAndMortyApp;
			productName = RickAndMortyApp;
			productReference = B055E65A2AA79F4D00373B56 /* RickAndMortyApp.app */;
			productType = "com.apple.product-type.application";
		};
		B055E6692AA79F4E00373B56 /* RickAndMortyAppTests */ = {
			isa = PBXNativeTarget;
			buildConfigurationList = B055E6812AA79F4E00373B56 /* Build configuration list for PBXNativeTarget "RickAndMortyAppTests" */;
			buildPhases = (
				B055E6662AA79F4E00373B56 /* Sources */,
				B055E6672AA79F4E00373B56 /* Frameworks */,
				B055E6682AA79F4E00373B56 /* Resources */,
			);
			buildRules = (
			);
			dependencies = (
				B055E66C2AA79F4E00373B56 /* PBXTargetDependency */,
			);
			name = RickAndMortyAppTests;
			productName = RickAndMortyAppTests;
			productReference = B055E66A2AA79F4E00373B56 /* RickAndMortyAppTests.xctest */;
			productType = "com.apple.product-type.bundle.unit-test";
		};
		B055E6732AA79F4E00373B56 /* RickAndMortyAppUITests */ = {
			isa = PBXNativeTarget;
			buildConfigurationList = B055E6842AA79F4E00373B56 /* Build configuration list for PBXNativeTarget "RickAndMortyAppUITests" */;
			buildPhases = (
				B055E6702AA79F4E00373B56 /* Sources */,
				B055E6712AA79F4E00373B56 /* Frameworks */,
				B055E6722AA79F4E00373B56 /* Resources */,
			);
			buildRules = (
			);
			dependencies = (
				B055E6762AA79F4E00373B56 /* PBXTargetDependency */,
			);
			name = RickAndMortyAppUITests;
			productName = RickAndMortyAppUITests;
			productReference = B055E6742AA79F4E00373B56 /* RickAndMortyAppUITests.xctest */;
			productType = "com.apple.product-type.bundle.ui-testing";
		};
/* End PBXNativeTarget section */

/* Begin PBXProject section */
		B055E6522AA79F4D00373B56 /* Project object */ = {
			isa = PBXProject;
			attributes = {
				BuildIndependentTargetsInParallel = 1;
				LastSwiftUpdateCheck = 1500;
				LastUpgradeCheck = 1500;
				TargetAttributes = {
					B055E6592AA79F4D00373B56 = {
						CreatedOnToolsVersion = 15.0;
					};
					B055E6692AA79F4E00373B56 = {
						CreatedOnToolsVersion = 15.0;
						TestTargetID = B055E6592AA79F4D00373B56;
					};
					B055E6732AA79F4E00373B56 = {
						CreatedOnToolsVersion = 15.0;
						TestTargetID = B055E6592AA79F4D00373B56;
					};
				};
			};
			buildConfigurationList = B055E6552AA79F4D00373B56 /* Build configuration list for PBXProject "RickAndMortyApp" */;
			compatibilityVersion = "Xcode 14.0";
			developmentRegion = en;
			hasScannedForEncodings = 0;
			knownRegions = (
				en,
				Base,
			);
			mainGroup = B055E6512AA79F4D00373B56;
			productRefGroup = B055E65B2AA79F4D00373B56 /* Products */;
			projectDirPath = "";
			projectRoot = "";
			targets = (
				B055E6592AA79F4D00373B56 /* RickAndMortyApp */,
				B055E6692AA79F4E00373B56 /* RickAndMortyAppTests */,
				B055E6732AA79F4E00373B56 /* RickAndMortyAppUITests */,
			);
		};
/* End PBXProject section */

/* Begin PBXResourcesBuildPhase section */
		B055E6582AA79F4D00373B56 /* Resources */ = {
			isa = PBXResourcesBuildPhase;
			buildActionMask = 2147483647;
			files = (
				B055E6652AA79F4E00373B56 /* Preview Assets.xcassets in Resources */,
				B055E6622AA79F4E00373B56 /* Assets.xcassets in Resources */,
			);
			runOnlyForDeploymentPostprocessing = 0;
		};
		B055E6682AA79F4E00373B56 /* Resources */ = {
			isa = PBXResourcesBuildPhase;
			buildActionMask = 2147483647;
			files = (
			);
			runOnlyForDeploymentPostprocessing = 0;
		};
		B055E6722AA79F4E00373B56 /* Resources */ = {
			isa = PBXResourcesBuildPhase;
			buildActionMask = 2147483647;
			files = (
			);
			runOnlyForDeploymentPostprocessing = 0;
		};
/* End PBXResourcesBuildPhase section */

/* Begin PBXSourcesBuildPhase section */
		B055E6562AA79F4D00373B56 /* Sources */ = {
			isa = PBXSourcesBuildPhase;
			buildActionMask = 2147483647;
			files = (
				B0C98C962AACD9130095F9BF /* AsyncImage+View.swift in Sources */,
				B06A7A852B20636F0000274C /* NSCacheStore.swift in Sources */,
				B055E6912AA7A1B100373B56 /* App+Error.swift in Sources */,
				B0DA3BE22AAA2FB500CD048D /* NavigationBar+View.swift in Sources */,
				B0DA3BDC2AAA2F3700CD048D /* Circular+View.swift in Sources */,
				B055E68E2AA7A18F00373B56 /* Api+Service.swift in Sources */,
				B055E6602AA79F4D00373B56 /* ContentView.swift in Sources */,
				B0DA3BDF2AAA2F7A00CD048D /* BackgroundStyle+Modifier.swift in Sources */,
				B0A802542AA8DA830087B99A /* Character+UseCase.swift in Sources */,
				B0DA3BE42AAA30F400CD048D /* AnimatableFont+Modifier.swift in Sources */,
				B0F3CABA2AAC4EEC00DA8B69 /* Search+Model.swift in Sources */,
				B0F3CAC22AAC640F00DA8B69 /* SearchResults+Modifier.swift in Sources */,
				B055E65E2AA79F4D00373B56 /* RickAndMortyAppApp.swift in Sources */,
				B03ACAE02AAC781D00F86AFF /* NSCacheStoreDatasource.swift in Sources */,
				B0A802612AA8E2E50087B99A /* Home+ViewModel.swift in Sources */,
				B0DA3BE92AAA319200CD048D /* BackgroundColor+Modifier.swift in Sources */,
				B0F3CAB22AAC4D6C00DA8B69 /* HomeView+Components.swift in Sources */,
				B0DA3BDA2AAA2ECC00CD048D /* SectionRow+View.swift in Sources */,
				B0A8025F2AA8E2DA0087B99A /* Home+View.swift in Sources */,
				B0A802662AA8E30B0087B99A /* CharacterDetail+View.swift in Sources */,
				B0DA3BE72AAA311400CD048D /* ScrollPreferenceKey.swift in Sources */,
				B0F3CABF2AAC51E900DA8B69 /* Search+ViewModel.swift in Sources */,
				B035D67E2AADB57D00C9FFDA /* Router.swift in Sources */,
				B0F3CAC52AAC717700DA8B69 /* SearchView+Components.swift in Sources */,
				B055E6A42AA7A58C00373B56 /* BaseRemote+URL.swift in Sources */,
				B0A8025A2AA8DC140087B99A /* CharacterListBusinessModel.swift in Sources */,
				B055E6A82AA7A64000373B56 /* CharacterList+Response.swift in Sources */,
				B0F3CAB72AAC4EBA00DA8B69 /* Search+View.swift in Sources */,
				B055E6942AA7A1F900373B56 /* Character+Repository.swift in Sources */,
				B0F3CABC2AAC4F2F00DA8B69 /* ListRow+View.swift in Sources */,
			);
			runOnlyForDeploymentPostprocessing = 0;
		};
		B055E6662AA79F4E00373B56 /* Sources */ = {
			isa = PBXSourcesBuildPhase;
			buildActionMask = 2147483647;
			files = (
				B055E69D2AA7A30C00373B56 /* MockApiService.swift in Sources */,
				B0A802572AA8DA9C0087B99A /* CharacterUseCaseTest.swift in Sources */,
				B055E6A12AA7A37200373B56 /* CharacterList+Mock.swift in Sources */,
				B055E66F2AA79F4E00373B56 /* RickAndMortyAppTests.swift in Sources */,
				B055E6992AA7A25500373B56 /* CharacterRepositoryTest.swift in Sources */,
				B0C98C9F2AACDE110095F9BF /* SearchViewModel+Test.swift in Sources */,
				B0C98C9B2AACDDE60095F9BF /* HomeViewModel+Test.swift in Sources */,
			);
			runOnlyForDeploymentPostprocessing = 0;
		};
		B055E6702AA79F4E00373B56 /* Sources */ = {
			isa = PBXSourcesBuildPhase;
			buildActionMask = 2147483647;
			files = (
				B055E6792AA79F4E00373B56 /* RickAndMortyAppUITests.swift in Sources */,
				B055E67B2AA79F4E00373B56 /* RickAndMortyAppUITestsLaunchTests.swift in Sources */,
			);
			runOnlyForDeploymentPostprocessing = 0;
		};
/* End PBXSourcesBuildPhase section */

/* Begin PBXTargetDependency section */
		B055E66C2AA79F4E00373B56 /* PBXTargetDependency */ = {
			isa = PBXTargetDependency;
			target = B055E6592AA79F4D00373B56 /* RickAndMortyApp */;
			targetProxy = B055E66B2AA79F4E00373B56 /* PBXContainerItemProxy */;
		};
		B055E6762AA79F4E00373B56 /* PBXTargetDependency */ = {
			isa = PBXTargetDependency;
			target = B055E6592AA79F4D00373B56 /* RickAndMortyApp */;
			targetProxy = B055E6752AA79F4E00373B56 /* PBXContainerItemProxy */;
		};
/* End PBXTargetDependency section */

/* Begin XCBuildConfiguration section */
		B055E67C2AA79F4E00373B56 /* Debug */ = {
			isa = XCBuildConfiguration;
			buildSettings = {
				ALWAYS_SEARCH_USER_PATHS = NO;
				ASSETCATALOG_COMPILER_GENERATE_SWIFT_ASSET_SYMBOL_EXTENSIONS = YES;
				CLANG_ANALYZER_NONNULL = YES;
				CLANG_ANALYZER_NUMBER_OBJECT_CONVERSION = YES_AGGRESSIVE;
				CLANG_CXX_LANGUAGE_STANDARD = "gnu++20";
				CLANG_ENABLE_MODULES = YES;
				CLANG_ENABLE_OBJC_ARC = YES;
				CLANG_ENABLE_OBJC_WEAK = YES;
				CLANG_WARN_BLOCK_CAPTURE_AUTORELEASING = YES;
				CLANG_WARN_BOOL_CONVERSION = YES;
				CLANG_WARN_COMMA = YES;
				CLANG_WARN_CONSTANT_CONVERSION = YES;
				CLANG_WARN_DEPRECATED_OBJC_IMPLEMENTATIONS = YES;
				CLANG_WARN_DIRECT_OBJC_ISA_USAGE = YES_ERROR;
				CLANG_WARN_DOCUMENTATION_COMMENTS = YES;
				CLANG_WARN_EMPTY_BODY = YES;
				CLANG_WARN_ENUM_CONVERSION = YES;
				CLANG_WARN_INFINITE_RECURSION = YES;
				CLANG_WARN_INT_CONVERSION = YES;
				CLANG_WARN_NON_LITERAL_NULL_CONVERSION = YES;
				CLANG_WARN_OBJC_IMPLICIT_RETAIN_SELF = YES;
				CLANG_WARN_OBJC_LITERAL_CONVERSION = YES;
				CLANG_WARN_OBJC_ROOT_CLASS = YES_ERROR;
				CLANG_WARN_QUOTED_INCLUDE_IN_FRAMEWORK_HEADER = YES;
				CLANG_WARN_RANGE_LOOP_ANALYSIS = YES;
				CLANG_WARN_STRICT_PROTOTYPES = YES;
				CLANG_WARN_SUSPICIOUS_MOVE = YES;
				CLANG_WARN_UNGUARDED_AVAILABILITY = YES_AGGRESSIVE;
				CLANG_WARN_UNREACHABLE_CODE = YES;
				CLANG_WARN__DUPLICATE_METHOD_MATCH = YES;
				COPY_PHASE_STRIP = NO;
				DEBUG_INFORMATION_FORMAT = dwarf;
				ENABLE_STRICT_OBJC_MSGSEND = YES;
				ENABLE_TESTABILITY = YES;
				ENABLE_USER_SCRIPT_SANDBOXING = YES;
				GCC_C_LANGUAGE_STANDARD = gnu17;
				GCC_DYNAMIC_NO_PIC = NO;
				GCC_NO_COMMON_BLOCKS = YES;
				GCC_OPTIMIZATION_LEVEL = 0;
				GCC_PREPROCESSOR_DEFINITIONS = (
					"DEBUG=1",
					"$(inherited)",
				);
				GCC_WARN_64_TO_32_BIT_CONVERSION = YES;
				GCC_WARN_ABOUT_RETURN_TYPE = YES_ERROR;
				GCC_WARN_UNDECLARED_SELECTOR = YES;
				GCC_WARN_UNINITIALIZED_AUTOS = YES_AGGRESSIVE;
				GCC_WARN_UNUSED_FUNCTION = YES;
				GCC_WARN_UNUSED_VARIABLE = YES;
				IPHONEOS_DEPLOYMENT_TARGET = 17.0;
				LOCALIZATION_PREFERS_STRING_CATALOGS = YES;
				MTL_ENABLE_DEBUG_INFO = INCLUDE_SOURCE;
				MTL_FAST_MATH = YES;
				ONLY_ACTIVE_ARCH = YES;
				SDKROOT = iphoneos;
				SWIFT_ACTIVE_COMPILATION_CONDITIONS = "DEBUG $(inherited)";
				SWIFT_OPTIMIZATION_LEVEL = "-Onone";
			};
			name = Debug;
		};
		B055E67D2AA79F4E00373B56 /* Release */ = {
			isa = XCBuildConfiguration;
			buildSettings = {
				ALWAYS_SEARCH_USER_PATHS = NO;
				ASSETCATALOG_COMPILER_GENERATE_SWIFT_ASSET_SYMBOL_EXTENSIONS = YES;
				CLANG_ANALYZER_NONNULL = YES;
				CLANG_ANALYZER_NUMBER_OBJECT_CONVERSION = YES_AGGRESSIVE;
				CLANG_CXX_LANGUAGE_STANDARD = "gnu++20";
				CLANG_ENABLE_MODULES = YES;
				CLANG_ENABLE_OBJC_ARC = YES;
				CLANG_ENABLE_OBJC_WEAK = YES;
				CLANG_WARN_BLOCK_CAPTURE_AUTORELEASING = YES;
				CLANG_WARN_BOOL_CONVERSION = YES;
				CLANG_WARN_COMMA = YES;
				CLANG_WARN_CONSTANT_CONVERSION = YES;
				CLANG_WARN_DEPRECATED_OBJC_IMPLEMENTATIONS = YES;
				CLANG_WARN_DIRECT_OBJC_ISA_USAGE = YES_ERROR;
				CLANG_WARN_DOCUMENTATION_COMMENTS = YES;
				CLANG_WARN_EMPTY_BODY = YES;
				CLANG_WARN_ENUM_CONVERSION = YES;
				CLANG_WARN_INFINITE_RECURSION = YES;
				CLANG_WARN_INT_CONVERSION = YES;
				CLANG_WARN_NON_LITERAL_NULL_CONVERSION = YES;
				CLANG_WARN_OBJC_IMPLICIT_RETAIN_SELF = YES;
				CLANG_WARN_OBJC_LITERAL_CONVERSION = YES;
				CLANG_WARN_OBJC_ROOT_CLASS = YES_ERROR;
				CLANG_WARN_QUOTED_INCLUDE_IN_FRAMEWORK_HEADER = YES;
				CLANG_WARN_RANGE_LOOP_ANALYSIS = YES;
				CLANG_WARN_STRICT_PROTOTYPES = YES;
				CLANG_WARN_SUSPICIOUS_MOVE = YES;
				CLANG_WARN_UNGUARDED_AVAILABILITY = YES_AGGRESSIVE;
				CLANG_WARN_UNREACHABLE_CODE = YES;
				CLANG_WARN__DUPLICATE_METHOD_MATCH = YES;
				COPY_PHASE_STRIP = NO;
				DEBUG_INFORMATION_FORMAT = "dwarf-with-dsym";
				ENABLE_NS_ASSERTIONS = NO;
				ENABLE_STRICT_OBJC_MSGSEND = YES;
				ENABLE_USER_SCRIPT_SANDBOXING = YES;
				GCC_C_LANGUAGE_STANDARD = gnu17;
				GCC_NO_COMMON_BLOCKS = YES;
				GCC_WARN_64_TO_32_BIT_CONVERSION = YES;
				GCC_WARN_ABOUT_RETURN_TYPE = YES_ERROR;
				GCC_WARN_UNDECLARED_SELECTOR = YES;
				GCC_WARN_UNINITIALIZED_AUTOS = YES_AGGRESSIVE;
				GCC_WARN_UNUSED_FUNCTION = YES;
				GCC_WARN_UNUSED_VARIABLE = YES;
				IPHONEOS_DEPLOYMENT_TARGET = 17.0;
				LOCALIZATION_PREFERS_STRING_CATALOGS = YES;
				MTL_ENABLE_DEBUG_INFO = NO;
				MTL_FAST_MATH = YES;
				SDKROOT = iphoneos;
				SWIFT_COMPILATION_MODE = wholemodule;
				VALIDATE_PRODUCT = YES;
			};
			name = Release;
		};
		B055E67F2AA79F4E00373B56 /* Debug */ = {
			isa = XCBuildConfiguration;
			buildSettings = {
				ASSETCATALOG_COMPILER_APPICON_NAME = AppIcon;
				ASSETCATALOG_COMPILER_GLOBAL_ACCENT_COLOR_NAME = AccentColor;
				CODE_SIGN_STYLE = Automatic;
				CURRENT_PROJECT_VERSION = 1;
				DEVELOPMENT_ASSET_PATHS = "\"RickAndMortyApp/Preview Content\"";
				DEVELOPMENT_TEAM = MW2RS569GR;
				ENABLE_PREVIEWS = YES;
				GENERATE_INFOPLIST_FILE = YES;
				INFOPLIST_KEY_UIApplicationSceneManifest_Generation = YES;
				INFOPLIST_KEY_UIApplicationSupportsIndirectInputEvents = YES;
				INFOPLIST_KEY_UILaunchScreen_Generation = YES;
				INFOPLIST_KEY_UISupportedInterfaceOrientations_iPad = "UIInterfaceOrientationPortrait UIInterfaceOrientationPortraitUpsideDown UIInterfaceOrientationLandscapeLeft UIInterfaceOrientationLandscapeRight";
				INFOPLIST_KEY_UISupportedInterfaceOrientations_iPhone = "UIInterfaceOrientationPortrait UIInterfaceOrientationLandscapeLeft UIInterfaceOrientationLandscapeRight";
				LD_RUNPATH_SEARCH_PATHS = (
					"$(inherited)",
					"@executable_path/Frameworks",
				);
				MARKETING_VERSION = 1.0;
				PRODUCT_BUNDLE_IDENTIFIER = com.caneallesta.rickandmortyapp.RickAndMortyApp;
				PRODUCT_NAME = "$(TARGET_NAME)";
				SWIFT_EMIT_LOC_STRINGS = YES;
				SWIFT_VERSION = 5.0;
				TARGETED_DEVICE_FAMILY = "1,2";
			};
			name = Debug;
		};
		B055E6802AA79F4E00373B56 /* Release */ = {
			isa = XCBuildConfiguration;
			buildSettings = {
				ASSETCATALOG_COMPILER_APPICON_NAME = AppIcon;
				ASSETCATALOG_COMPILER_GLOBAL_ACCENT_COLOR_NAME = AccentColor;
				CODE_SIGN_STYLE = Automatic;
				CURRENT_PROJECT_VERSION = 1;
				DEVELOPMENT_ASSET_PATHS = "\"RickAndMortyApp/Preview Content\"";
				DEVELOPMENT_TEAM = MW2RS569GR;
				ENABLE_PREVIEWS = YES;
				GENERATE_INFOPLIST_FILE = YES;
				INFOPLIST_KEY_UIApplicationSceneManifest_Generation = YES;
				INFOPLIST_KEY_UIApplicationSupportsIndirectInputEvents = YES;
				INFOPLIST_KEY_UILaunchScreen_Generation = YES;
				INFOPLIST_KEY_UISupportedInterfaceOrientations_iPad = "UIInterfaceOrientationPortrait UIInterfaceOrientationPortraitUpsideDown UIInterfaceOrientationLandscapeLeft UIInterfaceOrientationLandscapeRight";
				INFOPLIST_KEY_UISupportedInterfaceOrientations_iPhone = "UIInterfaceOrientationPortrait UIInterfaceOrientationLandscapeLeft UIInterfaceOrientationLandscapeRight";
				LD_RUNPATH_SEARCH_PATHS = (
					"$(inherited)",
					"@executable_path/Frameworks",
				);
				MARKETING_VERSION = 1.0;
				PRODUCT_BUNDLE_IDENTIFIER = com.caneallesta.rickandmortyapp.RickAndMortyApp;
				PRODUCT_NAME = "$(TARGET_NAME)";
				SWIFT_EMIT_LOC_STRINGS = YES;
				SWIFT_VERSION = 5.0;
				TARGETED_DEVICE_FAMILY = "1,2";
			};
			name = Release;
		};
		B055E6822AA79F4E00373B56 /* Debug */ = {
			isa = XCBuildConfiguration;
			buildSettings = {
				ALWAYS_EMBED_SWIFT_STANDARD_LIBRARIES = YES;
				BUNDLE_LOADER = "$(TEST_HOST)";
				CODE_SIGN_STYLE = Automatic;
				CURRENT_PROJECT_VERSION = 1;
				DEVELOPMENT_TEAM = MW2RS569GR;
				GENERATE_INFOPLIST_FILE = YES;
				IPHONEOS_DEPLOYMENT_TARGET = 17.0;
				MARKETING_VERSION = 1.0;
				PRODUCT_BUNDLE_IDENTIFIER = com.caneallesta.rickandmortyapp.RickAndMortyAppTests;
				PRODUCT_NAME = "$(TARGET_NAME)";
				SWIFT_EMIT_LOC_STRINGS = NO;
				SWIFT_VERSION = 5.0;
				TARGETED_DEVICE_FAMILY = "1,2";
				TEST_HOST = "$(BUILT_PRODUCTS_DIR)/RickAndMortyApp.app/$(BUNDLE_EXECUTABLE_FOLDER_PATH)/RickAndMortyApp";
			};
			name = Debug;
		};
		B055E6832AA79F4E00373B56 /* Release */ = {
			isa = XCBuildConfiguration;
			buildSettings = {
				ALWAYS_EMBED_SWIFT_STANDARD_LIBRARIES = YES;
				BUNDLE_LOADER = "$(TEST_HOST)";
				CODE_SIGN_STYLE = Automatic;
				CURRENT_PROJECT_VERSION = 1;
				DEVELOPMENT_TEAM = MW2RS569GR;
				GENERATE_INFOPLIST_FILE = YES;
				IPHONEOS_DEPLOYMENT_TARGET = 17.0;
				MARKETING_VERSION = 1.0;
				PRODUCT_BUNDLE_IDENTIFIER = com.caneallesta.rickandmortyapp.RickAndMortyAppTests;
				PRODUCT_NAME = "$(TARGET_NAME)";
				SWIFT_EMIT_LOC_STRINGS = NO;
				SWIFT_VERSION = 5.0;
				TARGETED_DEVICE_FAMILY = "1,2";
				TEST_HOST = "$(BUILT_PRODUCTS_DIR)/RickAndMortyApp.app/$(BUNDLE_EXECUTABLE_FOLDER_PATH)/RickAndMortyApp";
			};
			name = Release;
		};
		B055E6852AA79F4E00373B56 /* Debug */ = {
			isa = XCBuildConfiguration;
			buildSettings = {
				ALWAYS_EMBED_SWIFT_STANDARD_LIBRARIES = YES;
				CODE_SIGN_STYLE = Automatic;
				CURRENT_PROJECT_VERSION = 1;
				DEVELOPMENT_TEAM = MW2RS569GR;
				GENERATE_INFOPLIST_FILE = YES;
				MARKETING_VERSION = 1.0;
				PRODUCT_BUNDLE_IDENTIFIER = com.caneallesta.rickandmortyapp.RickAndMortyAppUITests;
				PRODUCT_NAME = "$(TARGET_NAME)";
				SWIFT_EMIT_LOC_STRINGS = NO;
				SWIFT_VERSION = 5.0;
				TARGETED_DEVICE_FAMILY = "1,2";
				TEST_TARGET_NAME = RickAndMortyApp;
			};
			name = Debug;
		};
		B055E6862AA79F4E00373B56 /* Release */ = {
			isa = XCBuildConfiguration;
			buildSettings = {
				ALWAYS_EMBED_SWIFT_STANDARD_LIBRARIES = YES;
				CODE_SIGN_STYLE = Automatic;
				CURRENT_PROJECT_VERSION = 1;
				DEVELOPMENT_TEAM = MW2RS569GR;
				GENERATE_INFOPLIST_FILE = YES;
				MARKETING_VERSION = 1.0;
				PRODUCT_BUNDLE_IDENTIFIER = com.caneallesta.rickandmortyapp.RickAndMortyAppUITests;
				PRODUCT_NAME = "$(TARGET_NAME)";
				SWIFT_EMIT_LOC_STRINGS = NO;
				SWIFT_VERSION = 5.0;
				TARGETED_DEVICE_FAMILY = "1,2";
				TEST_TARGET_NAME = RickAndMortyApp;
			};
			name = Release;
		};
/* End XCBuildConfiguration section */

/* Begin XCConfigurationList section */
		B055E6552AA79F4D00373B56 /* Build configuration list for PBXProject "RickAndMortyApp" */ = {
			isa = XCConfigurationList;
			buildConfigurations = (
				B055E67C2AA79F4E00373B56 /* Debug */,
				B055E67D2AA79F4E00373B56 /* Release */,
			);
			defaultConfigurationIsVisible = 0;
			defaultConfigurationName = Release;
		};
		B055E67E2AA79F4E00373B56 /* Build configuration list for PBXNativeTarget "RickAndMortyApp" */ = {
			isa = XCConfigurationList;
			buildConfigurations = (
				B055E67F2AA79F4E00373B56 /* Debug */,
				B055E6802AA79F4E00373B56 /* Release */,
			);
			defaultConfigurationIsVisible = 0;
			defaultConfigurationName = Release;
		};
		B055E6812AA79F4E00373B56 /* Build configuration list for PBXNativeTarget "RickAndMortyAppTests" */ = {
			isa = XCConfigurationList;
			buildConfigurations = (
				B055E6822AA79F4E00373B56 /* Debug */,
				B055E6832AA79F4E00373B56 /* Release */,
			);
			defaultConfigurationIsVisible = 0;
			defaultConfigurationName = Release;
		};
		B055E6842AA79F4E00373B56 /* Build configuration list for PBXNativeTarget "RickAndMortyAppUITests" */ = {
			isa = XCConfigurationList;
			buildConfigurations = (
				B055E6852AA79F4E00373B56 /* Debug */,
				B055E6862AA79F4E00373B56 /* Release */,
			);
			defaultConfigurationIsVisible = 0;
			defaultConfigurationName = Release;
		};
/* End XCConfigurationList section */
	};
	rootObject = B055E6522AA79F4D00373B56 /* Project object */;
}
